
Microsoft Visual Studio Solution File, Format Version 12.00
# Visual Studio 15
VisualStudioVersion = 15.0.27703.2018
MinimumVisualStudioVersion = 10.0.40219.1
Project("{FAE04EC0-301F-11D3-BF4B-00C04F79EFBC}") = "Pos.Conversor.API", "Pos.Conversor.API\Pos.Conversor.API.csproj", "{67565EFA-CA12-462D-9140-06E517564592}"
EndProject
Project("{E53339B2-1760-4266-BCC7-CA923CBCF16C}") = "docker-compose", "docker-compose.dcproj", "{9C504709-897A-43A1-99C1-69C5D7795BED}"
EndProject
Global
	GlobalSection(SolutionConfigurationPlatforms) = preSolution
		Debug|Any CPU = Debug|Any CPU
		Release|Any CPU = Release|Any CPU
	EndGlobalSection
	GlobalSection(ProjectConfigurationPlatforms) = postSolution
		{67565EFA-CA12-462D-9140-06E517564592}.Debug|Any CPU.ActiveCfg = Debug|Any CPU
		{67565EFA-CA12-462D-9140-06E517564592}.Debug|Any CPU.Build.0 = Debug|Any CPU
		{67565EFA-CA12-462D-9140-06E517564592}.Release|Any CPU.ActiveCfg = Release|Any CPU
		{67565EFA-CA12-462D-9140-06E517564592}.Release|Any CPU.Build.0 = Release|Any CPU
		{9C504709-897A-43A1-99C1-69C5D7795BED}.Debug|Any CPU.ActiveCfg = Debug|Any CPU
		{9C504709-897A-43A1-99C1-69C5D7795BED}.Debug|Any CPU.Build.0 = Debug|Any CPU
		{9C504709-897A-43A1-99C1-69C5D7795BED}.Release|Any CPU.ActiveCfg = Release|Any CPU
		{9C504709-897A-43A1-99C1-69C5D7795BED}.Release|Any CPU.Build.0 = Release|Any CPU
	EndGlobalSection
	GlobalSection(SolutionProperties) = preSolution
		HideSolutionNode = FALSE
	EndGlobalSection
	GlobalSection(ExtensibilityGlobals) = postSolution
		SolutionGuid = {1B419331-027C-41CB-A1AF-26623FF1FDFF}
	EndGlobalSection
EndGlobal
